
Microsoft Visual Studio Solution File, Format Version 12.00
# Visual Studio 15
VisualStudioVersion = 15.0.27004.2009
MinimumVisualStudioVersion = 10.0.40219.1
Project("{FAE04EC0-301F-11D3-BF4B-00C04F79EFBC}") = "PluggableExample", "PluggableExample\PluggableExample.csproj", "{A22A3250-D421-4A2A-9A49-88961A3ABF24}"
EndProject
Project("{FAE04EC0-301F-11D3-BF4B-00C04F79EFBC}") = "PluggableExample.Plugin", "PluggableExample.Plugin\PluggableExample.Plugin.csproj", "{002D6009-C20C-4D92-9E59-34D324AB1D08}"
EndProject
Project("{FAE04EC0-301F-11D3-BF4B-00C04F79EFBC}") = "PluggableExample.UppercasePlugin", "PluggableExample.UppercasePlugin\PluggableExample.UppercasePlugin.csproj", "{29BBB8DB-823A-44A9-BEFB-85614B98B619}"
EndProject
Project("{FAE04EC0-301F-11D3-BF4B-00C04F79EFBC}") = "PluggableExample.ExclamationsPlugin", "PluggableExample.ExclamationsPlugin\PluggableExample.ExclamationsPlugin.csproj", "{22AB5573-0901-49C8-A55F-CBFB3B83EA57}"
EndProject
Global
	GlobalSection(SolutionConfigurationPlatforms) = preSolution
		Debug|Any CPU = Debug|Any CPU
		Release|Any CPU = Release|Any CPU
	EndGlobalSection
	GlobalSection(ProjectConfigurationPlatforms) = postSolution
		{A22A3250-D421-4A2A-9A49-88961A3ABF24}.Debug|Any CPU.ActiveCfg = Debug|Any CPU
		{A22A3250-D421-4A2A-9A49-88961A3ABF24}.Debug|Any CPU.Build.0 = Debug|Any CPU
		{A22A3250-D421-4A2A-9A49-88961A3ABF24}.Release|Any CPU.ActiveCfg = Release|Any CPU
		{A22A3250-D421-4A2A-9A49-88961A3ABF24}.Release|Any CPU.Build.0 = Release|Any CPU
		{002D6009-C20C-4D92-9E59-34D324AB1D08}.Debug|Any CPU.ActiveCfg = Debug|Any CPU
		{002D6009-C20C-4D92-9E59-34D324AB1D08}.Debug|Any CPU.Build.0 = Debug|Any CPU
		{002D6009-C20C-4D92-9E59-34D324AB1D08}.Release|Any CPU.ActiveCfg = Release|Any CPU
		{002D6009-C20C-4D92-9E59-34D324AB1D08}.Release|Any CPU.Build.0 = Release|Any CPU
		{29BBB8DB-823A-44A9-BEFB-85614B98B619}.Debug|Any CPU.ActiveCfg = Debug|Any CPU
		{29BBB8DB-823A-44A9-BEFB-85614B98B619}.Debug|Any CPU.Build.0 = Debug|Any CPU
		{29BBB8DB-823A-44A9-BEFB-85614B98B619}.Release|Any CPU.ActiveCfg = Release|Any CPU
		{29BBB8DB-823A-44A9-BEFB-85614B98B619}.Release|Any CPU.Build.0 = Release|Any CPU
		{22AB5573-0901-49C8-A55F-CBFB3B83EA57}.Debug|Any CPU.ActiveCfg = Debug|Any CPU
		{22AB5573-0901-49C8-A55F-CBFB3B83EA57}.Debug|Any CPU.Build.0 = Debug|Any CPU
		{22AB5573-0901-49C8-A55F-CBFB3B83EA57}.Release|Any CPU.ActiveCfg = Release|Any CPU
		{22AB5573-0901-49C8-A55F-CBFB3B83EA57}.Release|Any CPU.Build.0 = Release|Any CPU
	EndGlobalSection
	GlobalSection(SolutionProperties) = preSolution
		HideSolutionNode = FALSE
	EndGlobalSection
	GlobalSection(ExtensibilityGlobals) = postSolution
		SolutionGuid = {F0093F72-1548-434D-93ED-43D01C5690AF}
	EndGlobalSection
EndGlobal
